
Microsoft Visual Studio Solution File, Format Version 12.00
Project("{FAE04EC0-301F-11D3-BF4B-00C04F79EFBC}") = "MySite", "MySite\MySite.csproj", "{C3370BFA-1A2C-497A-B47F-CF3C46A73401}"
EndProject
Global
	GlobalSection(SolutionConfigurationPlatforms) = preSolution
		Debug|Any CPU = Debug|Any CPU
		Release|Any CPU = Release|Any CPU
	EndGlobalSection
	GlobalSection(ProjectConfigurationPlatforms) = postSolution
		{C3370BFA-1A2C-497A-B47F-CF3C46A73401}.Debug|Any CPU.ActiveCfg = Debug|Any CPU
		{C3370BFA-1A2C-497A-B47F-CF3C46A73401}.Debug|Any CPU.Build.0 = Debug|Any CPU
		{C3370BFA-1A2C-497A-B47F-CF3C46A73401}.Release|Any CPU.ActiveCfg = Release|Any CPU
		{C3370BFA-1A2C-497A-B47F-CF3C46A73401}.Release|Any CPU.Build.0 = Release|Any CPU
	EndGlobalSection
EndGlobal
